
Microsoft Visual Studio Solution File, Format Version 12.00
# Visual Studio Version 16
VisualStudioVersion = 16.0.31624.102
MinimumVisualStudioVersion = 10.0.40219.1
Project("{888888A0-9F3D-457C-B088-3A5042F75D52}") = "LinearEquationsCalc", "LinearEquationsCalc\LinearEquationsCalc.pyproj", "{E7BFE94B-DFFF-45B1-9A71-37E3C67B76BD}"
EndProject
Global
	GlobalSection(SolutionConfigurationPlatforms) = preSolution
		Debug|Any CPU = Debug|Any CPU
		Release|Any CPU = Release|Any CPU
	EndGlobalSection
	GlobalSection(ProjectConfigurationPlatforms) = postSolution
		{E7BFE94B-DFFF-45B1-9A71-37E3C67B76BD}.Debug|Any CPU.ActiveCfg = Debug|Any CPU
		{E7BFE94B-DFFF-45B1-9A71-37E3C67B76BD}.Release|Any CPU.ActiveCfg = Release|Any CPU
	EndGlobalSection
	GlobalSection(SolutionProperties) = preSolution
		HideSolutionNode = FALSE
	EndGlobalSection
	GlobalSection(ExtensibilityGlobals) = postSolution
		SolutionGuid = {69901A1C-E388-4212-B281-A130C44EF0AC}
	EndGlobalSection
EndGlobal
